{
  "name": "server",
  "lockfileVersion": 3,
  "requires": true,
  "packages": {
    "": {
      "devDependencies": {
        "dbmate": "^2.15.0"
      }
    },
    "node_modules/@dbmate/darwin-arm64": {
      "version": "2.21.0",
      "resolved": "https://registry.npmjs.org/@dbmate/darwin-arm64/-/darwin-arm64-2.21.0.tgz",
      "integrity": "sha512-9oSIsYIhQK8grBQ+PMnZ2GMLpkggy34V9w6fCjIan9Gd4iakHCKVTKKEIPRVDaTbPoaRblnzMrP4hwCBAYy4MQ==",
      "cpu": [
        "arm64"
      ],
      "dev": true,
      "license": "MIT",
      "optional": true,
      "os": [
        "darwin"
      ]
    },
    "node_modules/@dbmate/darwin-x64": {
      "version": "2.21.0",
      "resolved": "https://registry.npmjs.org/@dbmate/darwin-x64/-/darwin-x64-2.21.0.tgz",
      "integrity": "sha512-HUsE2sfz4agHyPHNcGUruS/HOyjTiMvZaObfdkty8hsPaguoCxYlFmdNC0pj1ivsa28EL1iUe4e9TwDjTOcdOg==",
      "cpu": [
        "x64"
      ],
      "dev": true,
      "license": "MIT",
      "optional": true,
      "os": [
        "darwin"
      ]
    },
    "node_modules/@dbmate/linux-arm": {
      "version": "2.21.0",
      "resolved": "https://registry.npmjs.org/@dbmate/linux-arm/-/linux-arm-2.21.0.tgz",
      "integrity": "sha512-o+j9bZZlXLXkzOobEjCHZgpDB/b/d2GLctd74zVGm+8nX43WyB5+BvAXahlXu56RqYf5Tkc4QZ5hkTXcc2LzUw==",
      "cpu": [
        "arm"
      ],
      "dev": true,
      "license": "MIT",
      "optional": true,
      "os": [
        "linux"
      ]
    },
    "node_modules/@dbmate/linux-arm64": {
      "version": "2.21.0",
      "resolved": "https://registry.npmjs.org/@dbmate/linux-arm64/-/linux-arm64-2.21.0.tgz",
      "integrity": "sha512-Gap3qSgI8iQQNjcGP3jMPHH0z0y08YWyoo9GIA83ABHgL4TvyVpC1bdD+lyLZxXIWolYYZ+nOXd8V3JBda+HrA==",
      "cpu": [
        "arm64"
      ],
      "dev": true,
      "license": "MIT",
      "optional": true,
      "os": [
        "linux"
      ]
    },
    "node_modules/@dbmate/linux-ia32": {
      "version": "2.21.0",
      "resolved": "https://registry.npmjs.org/@dbmate/linux-ia32/-/linux-ia32-2.21.0.tgz",
      "integrity": "sha512-g7zYGFj8MAqiiJVaJG992Hs/eHbxpmhfb4jA9UxdUNHzJvpzIEeAZyMpp+Ll4/DDJ5cgQTFUewQ/GBs/dfL7YA==",
      "cpu": [
        "ia32"
      ],
      "dev": true,
      "license": "MIT",
      "optional": true,
      "os": [
        "linux"
      ]
    },
    "node_modules/@dbmate/linux-x64": {
      "version": "2.21.0",
      "resolved": "https://registry.npmjs.org/@dbmate/linux-x64/-/linux-x64-2.21.0.tgz",
      "integrity": "sha512-0oMDARHjLirtWvl+sM3OQ6xVK5v/eC3iP5pVSJDTHAJ2YKShDalRA/NYhCoi0Hc5ykv4t9hH6Vf14DPC1BODgQ==",
      "cpu": [
        "x64"
      ],
      "dev": true,
      "license": "MIT",
      "optional": true,
      "os": [
        "linux"
      ]
    },
    "node_modules/@dbmate/win32-x64": {
      "version": "2.21.0",
      "resolved": "https://registry.npmjs.org/@dbmate/win32-x64/-/win32-x64-2.21.0.tgz",
      "integrity": "sha512-Ex59p/cVDI2jFjQrs+z0ooPo6T6rRRAisOuNMkLoWEUoWDJYkiKXnwAa0OJlZaJtJZfix7lnX012OE5dQMxTcg==",
      "cpu": [
        "x64"
      ],
      "dev": true,
      "license": "MIT",
      "optional": true,
      "os": [
        "win32"
      ]
    },
    "node_modules/dbmate": {
      "version": "2.21.0",
      "resolved": "https://registry.npmjs.org/dbmate/-/dbmate-2.21.0.tgz",
      "integrity": "sha512-idfINKfdzxwLTrnntft6R659DsuXtll5mUb33yqmLyhMUqvR8727413vFy/6H6Qc60dQRiMu5Y/94csCOVyQrg==",
      "dev": true,
      "license": "MIT",
      "bin": {
        "dbmate": "dist/cli.js"
      },
      "optionalDependencies": {
        "@dbmate/darwin-arm64": "2.21.0",
        "@dbmate/darwin-x64": "2.21.0",
        "@dbmate/linux-arm": "2.21.0",
        "@dbmate/linux-arm64": "2.21.0",
        "@dbmate/linux-ia32": "2.21.0",
        "@dbmate/linux-x64": "2.21.0",
        "@dbmate/win32-x64": "2.21.0"
      }
    }
  }
}
