{
  "name": "wisp_lustre_template",
  "lockfileVersion": 3,
  "requires": true,
  "packages": {
    "": {
      "devDependencies": {
        "dbmate": "^2.15.0"
      }
    },
    "node_modules/@dbmate/darwin-arm64": {
      "version": "2.15.0",
      "resolved": "https://registry.npmjs.org/@dbmate/darwin-arm64/-/darwin-arm64-2.15.0.tgz",
      "integrity": "sha512-479OebLhK4D+PQn+A1L2lPO0mkUJnLHZXcjdlZFdOnBTWiStHs2oDms6RD4BMi+SI8Ij82DOFw4Dlrb3FF/w+A==",
      "cpu": [
        "arm64"
      ],
      "dev": true,
      "optional": true,
      "os": [
        "darwin"
      ]
    },
    "node_modules/@dbmate/darwin-x64": {
      "version": "2.15.0",
      "resolved": "https://registry.npmjs.org/@dbmate/darwin-x64/-/darwin-x64-2.15.0.tgz",
      "integrity": "sha512-1J8XzqTxAuC+2hZp+qn7H4EGN0AHJL/B+fsBFAhmX7hG1EsWtX8Q0YL0VBLKCqjLy8y9q6vB+AaHPh7SGjs/rw==",
      "cpu": [
        "x64"
      ],
      "dev": true,
      "optional": true,
      "os": [
        "darwin"
      ]
    },
    "node_modules/@dbmate/linux-arm": {
      "version": "2.15.0",
      "resolved": "https://registry.npmjs.org/@dbmate/linux-arm/-/linux-arm-2.15.0.tgz",
      "integrity": "sha512-QhyuoTP2mR7xQvVPv0LJGQwOdL+7dKag1drYUfmfvTHjYacqAgrNc8BjO6t77pFJDAgvUHdHQm+/GwOxbR/BSg==",
      "cpu": [
        "arm"
      ],
      "dev": true,
      "optional": true,
      "os": [
        "linux"
      ]
    },
    "node_modules/@dbmate/linux-arm64": {
      "version": "2.15.0",
      "resolved": "https://registry.npmjs.org/@dbmate/linux-arm64/-/linux-arm64-2.15.0.tgz",
      "integrity": "sha512-/n/oXkJmQUuXgr9uDnNJ3VpMvPurk0EG+XqQcrz7k3J2akM5QkHYIgVtMauXR7bSjYzGr2zk4lscnUc+60ZJ+g==",
      "cpu": [
        "arm64"
      ],
      "dev": true,
      "optional": true,
      "os": [
        "linux"
      ]
    },
    "node_modules/@dbmate/linux-ia32": {
      "version": "2.15.0",
      "resolved": "https://registry.npmjs.org/@dbmate/linux-ia32/-/linux-ia32-2.15.0.tgz",
      "integrity": "sha512-ykWQBwwL5/AFOEErwbztajo8Zw/V1h7VuQBnj4dT1zhU9ZlVBTnL3gSgz5yDqNsV0sJWfbQ3Joh/yORiTZJYMg==",
      "cpu": [
        "ia32"
      ],
      "dev": true,
      "optional": true,
      "os": [
        "linux"
      ]
    },
    "node_modules/@dbmate/linux-x64": {
      "version": "2.15.0",
      "resolved": "https://registry.npmjs.org/@dbmate/linux-x64/-/linux-x64-2.15.0.tgz",
      "integrity": "sha512-qlSJduybKMET8npZJl2I5uiGNsEM/NEAHE9pfHtmINSL+ZXfmGNckTn8sJ3m1iQ1Krv/z0t8HozsHlp386taLQ==",
      "cpu": [
        "x64"
      ],
      "dev": true,
      "optional": true,
      "os": [
        "linux"
      ]
    },
    "node_modules/@dbmate/win32-x64": {
      "version": "2.15.0",
      "resolved": "https://registry.npmjs.org/@dbmate/win32-x64/-/win32-x64-2.15.0.tgz",
      "integrity": "sha512-UqbqXZQ2wOCAJMuiBBF82JrnY2jhDxBKWOxgt7JTHO8CcDOiKPx2P3dkICazGiq0cgZ/DUEYRwzEL0iiU4CTcg==",
      "cpu": [
        "x64"
      ],
      "dev": true,
      "optional": true,
      "os": [
        "win32"
      ]
    },
    "node_modules/dbmate": {
      "version": "2.15.0",
      "resolved": "https://registry.npmjs.org/dbmate/-/dbmate-2.15.0.tgz",
      "integrity": "sha512-4uUfIC1OaCDDd0X06fMunx2sF1X7QUlwdqYQqaajIe5z/cqx9i+KDjdNuYiNrBxUPU1cYXJr5Mg2gBebBvtf8g==",
      "dev": true,
      "bin": {
        "dbmate": "dist/cli.js"
      },
      "optionalDependencies": {
        "@dbmate/darwin-arm64": "2.15.0",
        "@dbmate/darwin-x64": "2.15.0",
        "@dbmate/linux-arm": "2.15.0",
        "@dbmate/linux-arm64": "2.15.0",
        "@dbmate/linux-ia32": "2.15.0",
        "@dbmate/linux-x64": "2.15.0",
        "@dbmate/win32-x64": "2.15.0"
      }
    }
  }
}
